{
  "name": "@maptalks/vector-packer",
  "version": "0.3.0",
  "lockfileVersion": 1,
  "requires": true,
  "dependencies": {
    "@maptalks/feature-filter": {
      "version": "1.0.0",
      "resolved": "https://registry.npmjs.org/@maptalks/feature-filter/-/feature-filter-1.0.0.tgz",
      "integrity": "sha512-JbEOtPGRrT6R8K4zFPEBUtcXNIzdVliK/X9OTmFt4GhEZU79TgnwElCb68GAcC+5c0TAHgY73KBdZPb6M9yaTg==",
      "dev": true
    },
    "maptalks": {
      "version": "0.45.1",
      "resolved": "https://registry.npmjs.org/maptalks/-/maptalks-0.45.1.tgz",
      "integrity": "sha512-TUs0NRvlkTDU21ykaekCKsdHExFx+EHBkF5LVCvjeOyUyjcDXia/IQVKLX/zD5A9dptsmiD8A6w97fVX57FwIw==",
      "dev": true,
      "requires": {
        "@maptalks/feature-filter": "^1.0.0",
        "@maptalks/function-type": "^1.2.3",
        "simplify-js": "^1.2.1",
        "zousan": "^2.3.3"
      },
      "dependencies": {
        "@maptalks/function-type": {
          "version": "1.2.3",
          "resolved": "https://registry.npmjs.org/@maptalks/function-type/-/function-type-1.2.3.tgz",
          "integrity": "sha512-q6i14qss+Y1bv5VzIvDFrsOGvWCih2p6LS2NcfgU7VrnjAlCRW1D6iVGDW2N9XCuJsXwg/9QJsTrqEIz6T7eUg==",
          "dev": true
        },
        "simplify-js": {
          "version": "1.2.3",
          "resolved": "https://registry.npmjs.org/simplify-js/-/simplify-js-1.2.3.tgz",
          "integrity": "sha512-0IkEqs+5c5vROkHaifGfbqHf5tYDcsTBy6oJPRbFCSwp2uzEr+PpH3dNP7wD8O3d7zdUCjLVq1/xHkwA/JjlFA==",
          "dev": true
        },
        "zousan": {
          "version": "2.5.1",
          "resolved": "https://registry.npmjs.org/zousan/-/zousan-2.5.1.tgz",
          "integrity": "sha512-ZER+1EJNPHs9G3I6kTqhTmeqPjdU8XoaSIFzaUcSWmxcZBeXMuf5LM6Ih8LLNlQ46wg2Au+3ayn7KgjklVnOfA==",
          "dev": true
        }
      }
    }
  }
}
