{
	"name": "@maptalks/vt.wireframe",
	"version": "0.1.0",
	"lockfileVersion": 1,
	"requires": true,
	"dependencies": {
		"rollup-plugin-babel": {
			"version": "3.0.7",
			"resolved": "https://registry.npmjs.org/rollup-plugin-babel/-/rollup-plugin-babel-3.0.7.tgz",
			"integrity": "sha512-bVe2y0z/V5Ax1qU8NX/0idmzIwJPdUGu8Xx3vXH73h0yGjxfv2gkFI82MBVg49SlsFlLTBadBHb67zy4TWM3hA==",
			"dev": true,
			"requires": {
				"rollup-pluginutils": "1.5.2"
			},
			"dependencies": {
				"balanced-match": {
					"version": "1.0.0",
					"resolved": "https://registry.npmjs.org/balanced-match/-/balanced-match-1.0.0.tgz",
					"integrity": "sha1-ibTRmasr7kneFk6gK4nORi1xt2c=",
					"dev": true
				},
				"brace-expansion": {
					"version": "1.1.11",
					"resolved": "https://registry.npmjs.org/brace-expansion/-/brace-expansion-1.1.11.tgz",
					"integrity": "sha512-iCuPHDFgrHX7H2vEI/5xpz07zSHB00TpugqhmYtVmMO6518mCuRMoOYFldEBl0g187ufozdaHgWKcYFb61qGiA==",
					"dev": true,
					"requires": {
						"balanced-match": "1.0.0",
						"concat-map": "0.0.1"
					}
				},
				"concat-map": {
					"version": "0.0.1",
					"resolved": "https://registry.npmjs.org/concat-map/-/concat-map-0.0.1.tgz",
					"integrity": "sha1-2Klr13/Wjfd5OnMDajug1UBdR3s=",
					"dev": true
				},
				"estree-walker": {
					"version": "0.2.1",
					"resolved": "https://registry.npmjs.org/estree-walker/-/estree-walker-0.2.1.tgz",
					"integrity": "sha1-va/oCVOD2EFNXcLs9MkXO225QS4=",
					"dev": true
				},
				"minimatch": {
					"version": "3.0.4",
					"resolved": "https://registry.npmjs.org/minimatch/-/minimatch-3.0.4.tgz",
					"integrity": "sha512-yJHVQEhyqPLUTgt9B83PXu6W3rx4MvvHvSUvToogpwoGDOUQ+yDrR0HRot+yOCdCO7u4hX3pWft6kWBBcqh0UA==",
					"dev": true,
					"requires": {
						"brace-expansion": "1.1.11"
					}
				},
				"rollup-pluginutils": {
					"version": "1.5.2",
					"resolved": "http://registry.npmjs.org/rollup-pluginutils/-/rollup-pluginutils-1.5.2.tgz",
					"integrity": "sha1-HhVud4+UtyVb+hs9AXi+j1xVJAg=",
					"dev": true,
					"requires": {
						"estree-walker": "0.2.1",
						"minimatch": "3.0.4"
					}
				}
			}
		}
	}
}
