{
	"requires": true,
	"lockfileVersion": 1,
	"dependencies": {
		"maptalks": {
			"version": "0.39.8",
			"resolved": "https://registry.npmjs.org/maptalks/-/maptalks-0.39.8.tgz",
			"integrity": "sha1-bSFM7pR+rQty1GNYRv4qfGakR30=",
			"requires": {
				"simplify-js": "1.2.3",
				"zousan": "2.3.3"
			}
		},
		"simplify-js": {
			"version": "1.2.3",
			"resolved": "https://registry.npmjs.org/simplify-js/-/simplify-js-1.2.3.tgz",
			"integrity": "sha512-0IkEqs+5c5vROkHaifGfbqHf5tYDcsTBy6oJPRbFCSwp2uzEr+PpH3dNP7wD8O3d7zdUCjLVq1/xHkwA/JjlFA=="
		},
		"zousan": {
			"version": "2.3.3",
			"resolved": "https://registry.npmjs.org/zousan/-/zousan-2.3.3.tgz",
			"integrity": "sha1-hUMv8lOl/LahkkFs3rxOPcnLmBM="
		}
	}
}
